/homedir/gladieux/work/magMax_project/5_RNAseq/1_Alignement/test/0_rawdata/result/cufflinks/S117-count.txt
/homedir/gladieux/work/magMax_project/5_RNAseq/1_Alignement/test/0_rawdata/result/cufflinks/S119-count.txt
/homedir/gladieux/work/magMax_project/5_RNAseq/1_Alignement/test/0_rawdata/result/cufflinks/S120-count.txt
/homedir/gladieux/work/magMax_project/5_RNAseq/1_Alignement/test/0_rawdata/result/cufflinks/S119
/homedir/gladieux/work/magMax_project/5_RNAseq/1_Alignement/test/0_rawdata/result/cufflinks/S117
/homedir/gladieux/work/magMax_project/5_RNAseq/1_Alignement/test/0_rawdata/result/cufflinks/S120
/homedir/gladieux/work/magMax_project/5_RNAseq/1_Alignement/test/0_rawdata/result/bam_file/S119_sort.bam
/homedir/gladieux/work/magMax_project/5_RNAseq/1_Alignement/test/0_rawdata/Genome/Y34_merge.gff3
/homedir/gladieux/work/magMax_project/5_RNAseq/1_Alignement/test/0_rawdata/result/bam_file/S117_sort.bam
/homedir/gladieux/work/magMax_project/5_RNAseq/1_Alignement/test/0_rawdata/Genome/Y34_merge.gff3
/homedir/gladieux/work/magMax_project/5_RNAseq/1_Alignement/test/0_rawdata/result/bam_file/S120_sort.bam
/homedir/gladieux/work/magMax_project/5_RNAseq/1_Alignement/test/0_rawdata/Genome/Y34_merge.gff3
/homedir/gladieux/work/magMax_project/5_RNAseq/1_Alignement/test/0_rawdata/result/sam_file/S119.sam
/homedir/gladieux/work/magMax_project/5_RNAseq/1_Alignement/test/0_rawdata/result/sam_file/S117.sam
/homedir/gladieux/work/magMax_project/5_RNAseq/1_Alignement/test/0_rawdata/result/sam_file/S120.sam
/homedir/gladieux/work/magMax_project/5_RNAseq/1_Alignement/test/0_rawdata/RNAseq/S119.fq.gz
/homedir/gladieux/work/magMax_project/5_RNAseq/1_Alignement/test/0_rawdata/Genome/Y34
/homedir/gladieux/work/magMax_project/5_RNAseq/1_Alignement/test/0_rawdata/RNAseq/S117.fq.gz
/homedir/gladieux/work/magMax_project/5_RNAseq/1_Alignement/test/0_rawdata/Genome/Y34
/homedir/gladieux/work/magMax_project/5_RNAseq/1_Alignement/test/0_rawdata/RNAseq/S120.fq.gz
/homedir/gladieux/work/magMax_project/5_RNAseq/1_Alignement/test/0_rawdata/Genome/Y34
/homedir/gladieux/work/magMax_project/5_RNAseq/1_Alignement/test/0_rawdata/Genome/Y34.fasta
